dependencies:
- name: mysql
  repository: https://charts.bitnami.com/bitnami
  version: 9.23.0
- name: redis
  repository: https://charts.bitnami.com/bitnami
  version: 17.17.1
digest: sha256:6fecdbd09e1d8b1e5ed28afae01aedb8e474a84016e5c791d60b13916c0d86c8
generated: "2024-03-08T20:41:46.241346599+05:30"
