dependencies:
- name: mysql
  repository: https://charts.bitnami.com/bitnami
  version: 9.19.1
- name: redis
  repository: https://charts.bitnami.com/bitnami
  version: 17.17.1
digest: sha256:3b7ba748fc9ea509a9670eadf34dc976203caa372a580f2b1f008fcb87b48693
generated: "2024-02-14T09:28:34.718096964+05:30"
